
Microsoft Visual Studio Solution File, Format Version 12.00
# Visual Studio Version 17
VisualStudioVersion = 17.2.32630.192
MinimumVisualStudioVersion = 10.0.40219.1
Project("{FAE04EC0-301F-11D3-BF4B-00C04F79EFBC}") = "ArrayList 5", "ArrayList 5\ArrayList 5.csproj", "{D2CDED59-18E6-4E7A-89BC-D95F9C3A56E5}"
EndProject
Global
	GlobalSection(SolutionConfigurationPlatforms) = preSolution
		Debug|Any CPU = Debug|Any CPU
		Release|Any CPU = Release|Any CPU
	EndGlobalSection
	GlobalSection(ProjectConfigurationPlatforms) = postSolution
		{D2CDED59-18E6-4E7A-89BC-D95F9C3A56E5}.Debug|Any CPU.ActiveCfg = Debug|Any CPU
		{D2CDED59-18E6-4E7A-89BC-D95F9C3A56E5}.Debug|Any CPU.Build.0 = Debug|Any CPU
		{D2CDED59-18E6-4E7A-89BC-D95F9C3A56E5}.Release|Any CPU.ActiveCfg = Release|Any CPU
		{D2CDED59-18E6-4E7A-89BC-D95F9C3A56E5}.Release|Any CPU.Build.0 = Release|Any CPU
	EndGlobalSection
	GlobalSection(SolutionProperties) = preSolution
		HideSolutionNode = FALSE
	EndGlobalSection
	GlobalSection(ExtensibilityGlobals) = postSolution
		SolutionGuid = {5A2947E3-792B-4839-B0C5-3F71170C1CFA}
	EndGlobalSection
EndGlobal
