
Microsoft Visual Studio Solution File, Format Version 12.00
# Visual Studio Version 17
VisualStudioVersion = 17.2.32630.192
MinimumVisualStudioVersion = 10.0.40219.1
Project("{FAE04EC0-301F-11D3-BF4B-00C04F79EFBC}") = "calculate", "calculate\calculate.csproj", "{505C9AD5-6B1C-4463-93F6-B718D089D5FE}"
EndProject
Global
	GlobalSection(SolutionConfigurationPlatforms) = preSolution
		Debug|Any CPU = Debug|Any CPU
		Release|Any CPU = Release|Any CPU
	EndGlobalSection
	GlobalSection(ProjectConfigurationPlatforms) = postSolution
		{505C9AD5-6B1C-4463-93F6-B718D089D5FE}.Debug|Any CPU.ActiveCfg = Debug|Any CPU
		{505C9AD5-6B1C-4463-93F6-B718D089D5FE}.Debug|Any CPU.Build.0 = Debug|Any CPU
		{505C9AD5-6B1C-4463-93F6-B718D089D5FE}.Release|Any CPU.ActiveCfg = Release|Any CPU
		{505C9AD5-6B1C-4463-93F6-B718D089D5FE}.Release|Any CPU.Build.0 = Release|Any CPU
	EndGlobalSection
	GlobalSection(SolutionProperties) = preSolution
		HideSolutionNode = FALSE
	EndGlobalSection
	GlobalSection(ExtensibilityGlobals) = postSolution
		SolutionGuid = {CB108287-90E6-4500-B8FB-9F72E79C6780}
	EndGlobalSection
EndGlobal
