
Microsoft Visual Studio Solution File, Format Version 12.00
# Visual Studio Version 17
VisualStudioVersion = 17.2.32630.192
MinimumVisualStudioVersion = 10.0.40219.1
Project("{FAE04EC0-301F-11D3-BF4B-00C04F79EFBC}") = "WindowsFormsApp2", "WindowsFormsApp2\WindowsFormsApp2.csproj", "{89DAC521-0AEA-403B-8CFE-BE08A6126504}"
EndProject
Global
	GlobalSection(SolutionConfigurationPlatforms) = preSolution
		Debug|Any CPU = Debug|Any CPU
		Release|Any CPU = Release|Any CPU
	EndGlobalSection
	GlobalSection(ProjectConfigurationPlatforms) = postSolution
		{89DAC521-0AEA-403B-8CFE-BE08A6126504}.Debug|Any CPU.ActiveCfg = Debug|Any CPU
		{89DAC521-0AEA-403B-8CFE-BE08A6126504}.Debug|Any CPU.Build.0 = Debug|Any CPU
		{89DAC521-0AEA-403B-8CFE-BE08A6126504}.Release|Any CPU.ActiveCfg = Release|Any CPU
		{89DAC521-0AEA-403B-8CFE-BE08A6126504}.Release|Any CPU.Build.0 = Release|Any CPU
	EndGlobalSection
	GlobalSection(SolutionProperties) = preSolution
		HideSolutionNode = FALSE
	EndGlobalSection
	GlobalSection(ExtensibilityGlobals) = postSolution
		SolutionGuid = {142A4A12-222F-4099-99B8-88E0877C8452}
	EndGlobalSection
EndGlobal
