
Microsoft Visual Studio Solution File, Format Version 12.00
# Visual Studio Version 17
VisualStudioVersion = 17.2.32630.192
MinimumVisualStudioVersion = 10.0.40219.1
Project("{FAE04EC0-301F-11D3-BF4B-00C04F79EFBC}") = "print from 1 to that no", "print from 1 to that no\print from 1 to that no.csproj", "{79D956C9-D0DD-486A-8C43-B6B9D42706C9}"
EndProject
Global
	GlobalSection(SolutionConfigurationPlatforms) = preSolution
		Debug|Any CPU = Debug|Any CPU
		Release|Any CPU = Release|Any CPU
	EndGlobalSection
	GlobalSection(ProjectConfigurationPlatforms) = postSolution
		{79D956C9-D0DD-486A-8C43-B6B9D42706C9}.Debug|Any CPU.ActiveCfg = Debug|Any CPU
		{79D956C9-D0DD-486A-8C43-B6B9D42706C9}.Debug|Any CPU.Build.0 = Debug|Any CPU
		{79D956C9-D0DD-486A-8C43-B6B9D42706C9}.Release|Any CPU.ActiveCfg = Release|Any CPU
		{79D956C9-D0DD-486A-8C43-B6B9D42706C9}.Release|Any CPU.Build.0 = Release|Any CPU
	EndGlobalSection
	GlobalSection(SolutionProperties) = preSolution
		HideSolutionNode = FALSE
	EndGlobalSection
	GlobalSection(ExtensibilityGlobals) = postSolution
		SolutionGuid = {815DB490-03AE-459C-A689-C65E6E76FD9B}
	EndGlobalSection
EndGlobal
