
Microsoft Visual Studio Solution File, Format Version 12.00
# Visual Studio Version 17
VisualStudioVersion = 17.2.32630.192
MinimumVisualStudioVersion = 10.0.40219.1
Project("{FAE04EC0-301F-11D3-BF4B-00C04F79EFBC}") = "Hashtable ex 2", "Hashtable ex 2\Hashtable ex 2.csproj", "{63BF75D3-7F06-4B45-992A-25EBD32ADB0F}"
EndProject
Global
	GlobalSection(SolutionConfigurationPlatforms) = preSolution
		Debug|Any CPU = Debug|Any CPU
		Release|Any CPU = Release|Any CPU
	EndGlobalSection
	GlobalSection(ProjectConfigurationPlatforms) = postSolution
		{63BF75D3-7F06-4B45-992A-25EBD32ADB0F}.Debug|Any CPU.ActiveCfg = Debug|Any CPU
		{63BF75D3-7F06-4B45-992A-25EBD32ADB0F}.Debug|Any CPU.Build.0 = Debug|Any CPU
		{63BF75D3-7F06-4B45-992A-25EBD32ADB0F}.Release|Any CPU.ActiveCfg = Release|Any CPU
		{63BF75D3-7F06-4B45-992A-25EBD32ADB0F}.Release|Any CPU.Build.0 = Release|Any CPU
	EndGlobalSection
	GlobalSection(SolutionProperties) = preSolution
		HideSolutionNode = FALSE
	EndGlobalSection
	GlobalSection(ExtensibilityGlobals) = postSolution
		SolutionGuid = {327F3688-DE1A-4488-91C9-123F1DBBBD3B}
	EndGlobalSection
EndGlobal
