
Microsoft Visual Studio Solution File, Format Version 12.00
# Visual Studio Version 17
VisualStudioVersion = 17.2.32630.192
MinimumVisualStudioVersion = 10.0.40219.1
Project("{FAE04EC0-301F-11D3-BF4B-00C04F79EFBC}") = "vowel check", "vowel check\vowel check.csproj", "{158F275E-C041-4A84-829E-F61ABA47E777}"
EndProject
Global
	GlobalSection(SolutionConfigurationPlatforms) = preSolution
		Debug|Any CPU = Debug|Any CPU
		Release|Any CPU = Release|Any CPU
	EndGlobalSection
	GlobalSection(ProjectConfigurationPlatforms) = postSolution
		{158F275E-C041-4A84-829E-F61ABA47E777}.Debug|Any CPU.ActiveCfg = Debug|Any CPU
		{158F275E-C041-4A84-829E-F61ABA47E777}.Debug|Any CPU.Build.0 = Debug|Any CPU
		{158F275E-C041-4A84-829E-F61ABA47E777}.Release|Any CPU.ActiveCfg = Release|Any CPU
		{158F275E-C041-4A84-829E-F61ABA47E777}.Release|Any CPU.Build.0 = Release|Any CPU
	EndGlobalSection
	GlobalSection(SolutionProperties) = preSolution
		HideSolutionNode = FALSE
	EndGlobalSection
	GlobalSection(ExtensibilityGlobals) = postSolution
		SolutionGuid = {BCDAEE7E-AD68-492E-B436-93F3856834FD}
	EndGlobalSection
EndGlobal
