
Microsoft Visual Studio Solution File, Format Version 12.00
# Visual Studio Version 17
VisualStudioVersion = 17.2.32630.192
MinimumVisualStudioVersion = 10.0.40219.1
Project("{FAE04EC0-301F-11D3-BF4B-00C04F79EFBC}") = "Linkedlist_2", "Linkedlist_2\Linkedlist_2.csproj", "{869FC9D7-FD65-4E90-BAB2-1F9A03AEBAB2}"
EndProject
Global
	GlobalSection(SolutionConfigurationPlatforms) = preSolution
		Debug|Any CPU = Debug|Any CPU
		Release|Any CPU = Release|Any CPU
	EndGlobalSection
	GlobalSection(ProjectConfigurationPlatforms) = postSolution
		{869FC9D7-FD65-4E90-BAB2-1F9A03AEBAB2}.Debug|Any CPU.ActiveCfg = Debug|Any CPU
		{869FC9D7-FD65-4E90-BAB2-1F9A03AEBAB2}.Debug|Any CPU.Build.0 = Debug|Any CPU
		{869FC9D7-FD65-4E90-BAB2-1F9A03AEBAB2}.Release|Any CPU.ActiveCfg = Release|Any CPU
		{869FC9D7-FD65-4E90-BAB2-1F9A03AEBAB2}.Release|Any CPU.Build.0 = Release|Any CPU
	EndGlobalSection
	GlobalSection(SolutionProperties) = preSolution
		HideSolutionNode = FALSE
	EndGlobalSection
	GlobalSection(ExtensibilityGlobals) = postSolution
		SolutionGuid = {FA0ED042-AC6C-4D83-86EF-09909FF8FBE6}
	EndGlobalSection
EndGlobal
