
Microsoft Visual Studio Solution File, Format Version 12.00
# Visual Studio Version 17
VisualStudioVersion = 17.2.32630.192
MinimumVisualStudioVersion = 10.0.40219.1
Project("{FAE04EC0-301F-11D3-BF4B-00C04F79EFBC}") = "PictureBox", "PictureBox\PictureBox.csproj", "{D6FAD635-6F41-4E0C-B0FD-2D4560C0E2CB}"
EndProject
Global
	GlobalSection(SolutionConfigurationPlatforms) = preSolution
		Debug|Any CPU = Debug|Any CPU
		Release|Any CPU = Release|Any CPU
	EndGlobalSection
	GlobalSection(ProjectConfigurationPlatforms) = postSolution
		{D6FAD635-6F41-4E0C-B0FD-2D4560C0E2CB}.Debug|Any CPU.ActiveCfg = Debug|Any CPU
		{D6FAD635-6F41-4E0C-B0FD-2D4560C0E2CB}.Debug|Any CPU.Build.0 = Debug|Any CPU
		{D6FAD635-6F41-4E0C-B0FD-2D4560C0E2CB}.Release|Any CPU.ActiveCfg = Release|Any CPU
		{D6FAD635-6F41-4E0C-B0FD-2D4560C0E2CB}.Release|Any CPU.Build.0 = Release|Any CPU
	EndGlobalSection
	GlobalSection(SolutionProperties) = preSolution
		HideSolutionNode = FALSE
	EndGlobalSection
	GlobalSection(ExtensibilityGlobals) = postSolution
		SolutionGuid = {99F476CC-A438-41D9-B936-86C6DC810BAA}
	EndGlobalSection
EndGlobal
