
Microsoft Visual Studio Solution File, Format Version 12.00
# Visual Studio Version 17
VisualStudioVersion = 17.2.32630.192
MinimumVisualStudioVersion = 10.0.40219.1
Project("{FAE04EC0-301F-11D3-BF4B-00C04F79EFBC}") = "label", "label\label.csproj", "{18A571EA-37C7-4BEE-9314-3D09E5408110}"
EndProject
Global
	GlobalSection(SolutionConfigurationPlatforms) = preSolution
		Debug|Any CPU = Debug|Any CPU
		Release|Any CPU = Release|Any CPU
	EndGlobalSection
	GlobalSection(ProjectConfigurationPlatforms) = postSolution
		{18A571EA-37C7-4BEE-9314-3D09E5408110}.Debug|Any CPU.ActiveCfg = Debug|Any CPU
		{18A571EA-37C7-4BEE-9314-3D09E5408110}.Debug|Any CPU.Build.0 = Debug|Any CPU
		{18A571EA-37C7-4BEE-9314-3D09E5408110}.Release|Any CPU.ActiveCfg = Release|Any CPU
		{18A571EA-37C7-4BEE-9314-3D09E5408110}.Release|Any CPU.Build.0 = Release|Any CPU
	EndGlobalSection
	GlobalSection(SolutionProperties) = preSolution
		HideSolutionNode = FALSE
	EndGlobalSection
	GlobalSection(ExtensibilityGlobals) = postSolution
		SolutionGuid = {2E5E3A56-5012-48E3-84CC-A987437DC2E1}
	EndGlobalSection
EndGlobal
