
Microsoft Visual Studio Solution File, Format Version 12.00
# Visual Studio Version 17
VisualStudioVersion = 17.2.32630.192
MinimumVisualStudioVersion = 10.0.40219.1
Project("{FAE04EC0-301F-11D3-BF4B-00C04F79EFBC}") = "WindowsFormsApp6", "WindowsFormsApp6\WindowsFormsApp6.csproj", "{3B1A935C-886E-4CA2-922A-B1035EF78060}"
EndProject
Global
	GlobalSection(SolutionConfigurationPlatforms) = preSolution
		Debug|Any CPU = Debug|Any CPU
		Release|Any CPU = Release|Any CPU
	EndGlobalSection
	GlobalSection(ProjectConfigurationPlatforms) = postSolution
		{3B1A935C-886E-4CA2-922A-B1035EF78060}.Debug|Any CPU.ActiveCfg = Debug|Any CPU
		{3B1A935C-886E-4CA2-922A-B1035EF78060}.Debug|Any CPU.Build.0 = Debug|Any CPU
		{3B1A935C-886E-4CA2-922A-B1035EF78060}.Release|Any CPU.ActiveCfg = Release|Any CPU
		{3B1A935C-886E-4CA2-922A-B1035EF78060}.Release|Any CPU.Build.0 = Release|Any CPU
	EndGlobalSection
	GlobalSection(SolutionProperties) = preSolution
		HideSolutionNode = FALSE
	EndGlobalSection
	GlobalSection(ExtensibilityGlobals) = postSolution
		SolutionGuid = {8DA5BF44-6C05-4BE2-A768-E84C94A85ED5}
	EndGlobalSection
EndGlobal
