
Microsoft Visual Studio Solution File, Format Version 12.00
# Visual Studio Version 17
VisualStudioVersion = 17.2.32630.192
MinimumVisualStudioVersion = 10.0.40219.1
Project("{FAE04EC0-301F-11D3-BF4B-00C04F79EFBC}") = "Stack example", "Stack example\Stack example.csproj", "{9A1C3890-91A7-4207-8275-721563B30857}"
EndProject
Global
	GlobalSection(SolutionConfigurationPlatforms) = preSolution
		Debug|Any CPU = Debug|Any CPU
		Release|Any CPU = Release|Any CPU
	EndGlobalSection
	GlobalSection(ProjectConfigurationPlatforms) = postSolution
		{9A1C3890-91A7-4207-8275-721563B30857}.Debug|Any CPU.ActiveCfg = Debug|Any CPU
		{9A1C3890-91A7-4207-8275-721563B30857}.Debug|Any CPU.Build.0 = Debug|Any CPU
		{9A1C3890-91A7-4207-8275-721563B30857}.Release|Any CPU.ActiveCfg = Release|Any CPU
		{9A1C3890-91A7-4207-8275-721563B30857}.Release|Any CPU.Build.0 = Release|Any CPU
	EndGlobalSection
	GlobalSection(SolutionProperties) = preSolution
		HideSolutionNode = FALSE
	EndGlobalSection
	GlobalSection(ExtensibilityGlobals) = postSolution
		SolutionGuid = {E13E32EE-63C3-47C3-9622-1EEE76B156F2}
	EndGlobalSection
EndGlobal
